
Microsoft Visual Studio Solution File, Format Version 12.00
# Visual Studio Version 16
VisualStudioVersion = 16.0.34031.81
MinimumVisualStudioVersion = 10.0.40219.1
Project("{2150E333-8FDC-42A3-9474-1A3956D46DE8}") = "Task0", "Task0", "{F45A8222-1D6C-4BB7-8DE9-5CD86C8A1FDE}"
EndProject
Project("{FAE04EC0-301F-11D3-BF4B-00C04F79EFBC}") = "Tyuiu.AvaevaPD.Sprint1.Task0.V0", "Tyuiu.AvaevaPD.Sprint1.Task0.V0\Tyuiu.AvaevaPD.Sprint1.Task0.V0.csproj", "{01F2879C-D3BF-451E-9859-00DFA24C3B3C}"
EndProject
Project("{FAE04EC0-301F-11D3-BF4B-00C04F79EFBC}") = "Tyuiu.AvaevaPD.Sprint1.Task0.V0.Lib", "Tyuiu.AvaevaPD.Sprint1.Task0.V0.Lib\Tyuiu.AvaevaPD.Sprint1.Task0.V0.Lib.csproj", "{4CFF8823-3ADB-47AD-B3CC-38285ED3CF30}"
EndProject
Project("{FAE04EC0-301F-11D3-BF4B-00C04F79EFBC}") = "Tyuiu.AvaevaPD.Sprint1.Task0.V0.Test", "Tyuiu.AvaevaPD.Sprint1.Task0.V0.Test\Tyuiu.AvaevaPD.Sprint1.Task0.V0.Test.csproj", "{D09BB43D-C421-4585-8D78-6836D0AD6CE9}"
EndProject
Project("{2150E333-8FDC-42A3-9474-1A3956D46DE8}") = "Task1", "Task1", "{B81BE155-1760-4EE9-8165-5B723F793314}"
EndProject
Project("{FAE04EC0-301F-11D3-BF4B-00C04F79EFBC}") = "Tyuiu.AvaevaPD.Sprint1.Task1.V2", "Tyuiu.AvaevaPD.Sprint1.Task1.V0\Tyuiu.AvaevaPD.Sprint1.Task1.V2.csproj", "{E01E8717-DAD4-4B71-AD34-8B6CFCD5818E}"
EndProject
Project("{FAE04EC0-301F-11D3-BF4B-00C04F79EFBC}") = "Tyuiu.AvaevaPD.Sprint1.Task1.V2.Lib", "Tyuiu.AvaevaPD.Sprint1.Task1.V0.Lib\Tyuiu.AvaevaPD.Sprint1.Task1.V2.Lib.csproj", "{DE0E30EF-A88E-4893-AD3A-E343FD192C08}"
EndProject
Project("{FAE04EC0-301F-11D3-BF4B-00C04F79EFBC}") = "Tyuiu.AvaevaPD.Sprint1.Task1.V2.Test", "Tyuiu.AvaevaPD.Sprint1.Task1.V0.Test\Tyuiu.AvaevaPD.Sprint1.Task1.V2.Test.csproj", "{1D411B70-6963-46CE-B90E-5152795E39AE}"
EndProject
Project("{2150E333-8FDC-42A3-9474-1A3956D46DE8}") = "Task2", "Task2", "{6D03D628-F61D-49FB-993C-63CFF7B15EE3}"
EndProject
Project("{FAE04EC0-301F-11D3-BF4B-00C04F79EFBC}") = "Tyuiu.AvaevaPD.Sprint1.Task2.V0", "Tyuiu.AvaevaPD.Sprint1.Task2.V0\Tyuiu.AvaevaPD.Sprint1.Task2.V0.csproj", "{57CE6112-7CF0-4869-BCF0-E5826D899190}"
EndProject
Project("{FAE04EC0-301F-11D3-BF4B-00C04F79EFBC}") = "Tyuiu.AvaevaPD.Sprint1.Task2.V0.Lib", "Tyuiu.AvaevaPD.Sprint1.Task2.V0.Lib\Tyuiu.AvaevaPD.Sprint1.Task2.V0.Lib.csproj", "{CCEE885E-77AD-46AD-8301-4F786EA2599D}"
EndProject
Project("{FAE04EC0-301F-11D3-BF4B-00C04F79EFBC}") = "Tyuiu.AvaevaPD.Sprint1.Task2.V0.Test", "Tyuiu.AvaevaPD.Sprint1.Task2.V0.Test\Tyuiu.AvaevaPD.Sprint1.Task2.V0.Test.csproj", "{51F10F94-5C0A-4750-94F5-CF5E09EF5219}"
EndProject
Project("{2150E333-8FDC-42A3-9474-1A3956D46DE8}") = "Task3", "Task3", "{0D3DA0AF-F69D-42A0-AB04-21BFBDD188F3}"
EndProject
Project("{FAE04EC0-301F-11D3-BF4B-00C04F79EFBC}") = "Tyuiu.AvaevaPD.Sprint1.Task3.V0", "Tyuiu.AvaevaPD.Sprint1.Task3.V0\Tyuiu.AvaevaPD.Sprint1.Task3.V0.csproj", "{4096DF6C-870E-4E3C-A153-368EF88DDC5E}"
EndProject
Project("{FAE04EC0-301F-11D3-BF4B-00C04F79EFBC}") = "Tyuiu.AvaevaPD.Sprint1.Task3.V0.Lib", "Tyuiu.AvaevaPD.Sprint1.Task3.V0.Lib\Tyuiu.AvaevaPD.Sprint1.Task3.V0.Lib.csproj", "{0E445B67-B132-42CF-B910-D28760A3C9E8}"
EndProject
Project("{FAE04EC0-301F-11D3-BF4B-00C04F79EFBC}") = "Tyuiu.AvaevaPD.Sprint1.Task3.V0.Test", "Tyuiu.AvaevaPD.Sprint1.Task3.V0.Test\Tyuiu.AvaevaPD.Sprint1.Task3.V0.Test.csproj", "{4287A043-A348-4B66-980A-C76DCDE1F4C9}"
EndProject
Project("{2150E333-8FDC-42A3-9474-1A3956D46DE8}") = "Task4", "Task4", "{24473990-7DD1-46AD-9154-334B6FF10B32}"
EndProject
Project("{FAE04EC0-301F-11D3-BF4B-00C04F79EFBC}") = "Tyuiu.AvaevaPD.Sprint1.Task4.V0", "Tyuiu.AvaevaPD.Sprint1.Task4.V0\Tyuiu.AvaevaPD.Sprint1.Task4.V0.csproj", "{61F02A33-C180-4794-959D-CAD654543CC9}"
EndProject
Project("{FAE04EC0-301F-11D3-BF4B-00C04F79EFBC}") = "Tyuiu.AvaevaPD.Sprint1.Task4.V0.Lib", "Tyuiu.AvaevaPD.Sprint1.Task4.V0.Lib\Tyuiu.AvaevaPD.Sprint1.Task4.V0.Lib.csproj", "{69D35CA9-FBE1-4E23-A8A3-FE3B2E831F17}"
EndProject
Project("{FAE04EC0-301F-11D3-BF4B-00C04F79EFBC}") = "Tyuiu.AvaevaPD.Sprint1.Task4.V0.Test", "Tyuiu.AvaevaPD.Sprint1.Task4.V0.Test\Tyuiu.AvaevaPD.Sprint1.Task4.V0.Test.csproj", "{05174020-F53D-4BE5-9DC4-29A6173EA841}"
EndProject
Project("{2150E333-8FDC-42A3-9474-1A3956D46DE8}") = "Task5", "Task5", "{25216FDC-0B54-46D0-BC3A-449D0FD43803}"
EndProject
Project("{FAE04EC0-301F-11D3-BF4B-00C04F79EFBC}") = "Tyuiu.AvaevaPD.Sprint1.Task5.V0", "Tyuiu.AvaevaPD.Sprint1.Task5.V0\Tyuiu.AvaevaPD.Sprint1.Task5.V0.csproj", "{49AA1871-8FE6-4883-BD95-2933AE950D5A}"
EndProject
Project("{FAE04EC0-301F-11D3-BF4B-00C04F79EFBC}") = "Tyuiu.AvaevaPD.Sprint1.Task5.V0.Lib", "Tyuiu.AvaevaPD.Sprint1.Task5.V0.Lib\Tyuiu.AvaevaPD.Sprint1.Task5.V0.Lib.csproj", "{53710383-8384-4245-AFAF-85E1A9003D44}"
EndProject
Project("{FAE04EC0-301F-11D3-BF4B-00C04F79EFBC}") = "Tyuiu.AvaevaPD.Sprint1.Task5.V0.Test", "Tyuiu.AvaevaPD.Sprint1.Task5.V0.Test\Tyuiu.AvaevaPD.Sprint1.Task5.V0.Test.csproj", "{156A12B0-9827-4ABA-ACBA-1C57FBE017FC}"
EndProject
Project("{2150E333-8FDC-42A3-9474-1A3956D46DE8}") = "Task6", "Task6", "{7206B934-F490-4777-AE16-5AE512CBC802}"
EndProject
Project("{FAE04EC0-301F-11D3-BF4B-00C04F79EFBC}") = "Tyuiu.AvaevaPD.Sprint1.Task6.V0", "Tyuiu.AvaevaPD.Sprint1.Task6.V0\Tyuiu.AvaevaPD.Sprint1.Task6.V0.csproj", "{C5C46B77-4471-4FFE-AE93-DADB71EEBF64}"
EndProject
Project("{FAE04EC0-301F-11D3-BF4B-00C04F79EFBC}") = "Tyuiu.AvaevaPD.Sprint1.Task6.V0.Lib", "Tyuiu.AvaevaPD.Sprint1.Task6.V0.Lib\Tyuiu.AvaevaPD.Sprint1.Task6.V0.Lib.csproj", "{EBD25D25-F9DA-4C8C-A27E-986C213719AE}"
EndProject
Project("{FAE04EC0-301F-11D3-BF4B-00C04F79EFBC}") = "Tyuiu.AvaevaPD.Sprint1.Task6.V0.Test", "Tyuiu.AvaevaPD.Sprint1.Task6.V0.Test\Tyuiu.AvaevaPD.Sprint1.Task6.V0.Test.csproj", "{B493B4B4-5645-49C2-A294-647D043CC45A}"
EndProject
Global
	GlobalSection(SolutionConfigurationPlatforms) = preSolution
		Debug|Any CPU = Debug|Any CPU
		Release|Any CPU = Release|Any CPU
	EndGlobalSection
	GlobalSection(ProjectConfigurationPlatforms) = postSolution
		{01F2879C-D3BF-451E-9859-00DFA24C3B3C}.Debug|Any CPU.ActiveCfg = Debug|Any CPU
		{01F2879C-D3BF-451E-9859-00DFA24C3B3C}.Debug|Any CPU.Build.0 = Debug|Any CPU
		{01F2879C-D3BF-451E-9859-00DFA24C3B3C}.Release|Any CPU.ActiveCfg = Release|Any CPU
		{01F2879C-D3BF-451E-9859-00DFA24C3B3C}.Release|Any CPU.Build.0 = Release|Any CPU
		{4CFF8823-3ADB-47AD-B3CC-38285ED3CF30}.Debug|Any CPU.ActiveCfg = Debug|Any CPU
		{4CFF8823-3ADB-47AD-B3CC-38285ED3CF30}.Debug|Any CPU.Build.0 = Debug|Any CPU
		{4CFF8823-3ADB-47AD-B3CC-38285ED3CF30}.Release|Any CPU.ActiveCfg = Release|Any CPU
		{4CFF8823-3ADB-47AD-B3CC-38285ED3CF30}.Release|Any CPU.Build.0 = Release|Any CPU
		{D09BB43D-C421-4585-8D78-6836D0AD6CE9}.Debug|Any CPU.ActiveCfg = Debug|Any CPU
		{D09BB43D-C421-4585-8D78-6836D0AD6CE9}.Debug|Any CPU.Build.0 = Debug|Any CPU
		{D09BB43D-C421-4585-8D78-6836D0AD6CE9}.Release|Any CPU.ActiveCfg = Release|Any CPU
		{D09BB43D-C421-4585-8D78-6836D0AD6CE9}.Release|Any CPU.Build.0 = Release|Any CPU
		{E01E8717-DAD4-4B71-AD34-8B6CFCD5818E}.Debug|Any CPU.ActiveCfg = Debug|Any CPU
		{E01E8717-DAD4-4B71-AD34-8B6CFCD5818E}.Debug|Any CPU.Build.0 = Debug|Any CPU
		{E01E8717-DAD4-4B71-AD34-8B6CFCD5818E}.Release|Any CPU.ActiveCfg = Release|Any CPU
		{E01E8717-DAD4-4B71-AD34-8B6CFCD5818E}.Release|Any CPU.Build.0 = Release|Any CPU
		{DE0E30EF-A88E-4893-AD3A-E343FD192C08}.Debug|Any CPU.ActiveCfg = Debug|Any CPU
		{DE0E30EF-A88E-4893-AD3A-E343FD192C08}.Debug|Any CPU.Build.0 = Debug|Any CPU
		{DE0E30EF-A88E-4893-AD3A-E343FD192C08}.Release|Any CPU.ActiveCfg = Release|Any CPU
		{DE0E30EF-A88E-4893-AD3A-E343FD192C08}.Release|Any CPU.Build.0 = Release|Any CPU
		{1D411B70-6963-46CE-B90E-5152795E39AE}.Debug|Any CPU.ActiveCfg = Debug|Any CPU
		{1D411B70-6963-46CE-B90E-5152795E39AE}.Debug|Any CPU.Build.0 = Debug|Any CPU
		{1D411B70-6963-46CE-B90E-5152795E39AE}.Release|Any CPU.ActiveCfg = Release|Any CPU
		{1D411B70-6963-46CE-B90E-5152795E39AE}.Release|Any CPU.Build.0 = Release|Any CPU
		{57CE6112-7CF0-4869-BCF0-E5826D899190}.Debug|Any CPU.ActiveCfg = Debug|Any CPU
		{57CE6112-7CF0-4869-BCF0-E5826D899190}.Debug|Any CPU.Build.0 = Debug|Any CPU
		{57CE6112-7CF0-4869-BCF0-E5826D899190}.Release|Any CPU.ActiveCfg = Release|Any CPU
		{57CE6112-7CF0-4869-BCF0-E5826D899190}.Release|Any CPU.Build.0 = Release|Any CPU
		{CCEE885E-77AD-46AD-8301-4F786EA2599D}.Debug|Any CPU.ActiveCfg = Debug|Any CPU
		{CCEE885E-77AD-46AD-8301-4F786EA2599D}.Debug|Any CPU.Build.0 = Debug|Any CPU
		{CCEE885E-77AD-46AD-8301-4F786EA2599D}.Release|Any CPU.ActiveCfg = Release|Any CPU
		{CCEE885E-77AD-46AD-8301-4F786EA2599D}.Release|Any CPU.Build.0 = Release|Any CPU
		{51F10F94-5C0A-4750-94F5-CF5E09EF5219}.Debug|Any CPU.ActiveCfg = Debug|Any CPU
		{51F10F94-5C0A-4750-94F5-CF5E09EF5219}.Debug|Any CPU.Build.0 = Debug|Any CPU
		{51F10F94-5C0A-4750-94F5-CF5E09EF5219}.Release|Any CPU.ActiveCfg = Release|Any CPU
		{51F10F94-5C0A-4750-94F5-CF5E09EF5219}.Release|Any CPU.Build.0 = Release|Any CPU
		{4096DF6C-870E-4E3C-A153-368EF88DDC5E}.Debug|Any CPU.ActiveCfg = Debug|Any CPU
		{4096DF6C-870E-4E3C-A153-368EF88DDC5E}.Debug|Any CPU.Build.0 = Debug|Any CPU
		{4096DF6C-870E-4E3C-A153-368EF88DDC5E}.Release|Any CPU.ActiveCfg = Release|Any CPU
		{4096DF6C-870E-4E3C-A153-368EF88DDC5E}.Release|Any CPU.Build.0 = Release|Any CPU
		{0E445B67-B132-42CF-B910-D28760A3C9E8}.Debug|Any CPU.ActiveCfg = Debug|Any CPU
		{0E445B67-B132-42CF-B910-D28760A3C9E8}.Debug|Any CPU.Build.0 = Debug|Any CPU
		{0E445B67-B132-42CF-B910-D28760A3C9E8}.Release|Any CPU.ActiveCfg = Release|Any CPU
		{0E445B67-B132-42CF-B910-D28760A3C9E8}.Release|Any CPU.Build.0 = Release|Any CPU
		{4287A043-A348-4B66-980A-C76DCDE1F4C9}.Debug|Any CPU.ActiveCfg = Debug|Any CPU
		{4287A043-A348-4B66-980A-C76DCDE1F4C9}.Debug|Any CPU.Build.0 = Debug|Any CPU
		{4287A043-A348-4B66-980A-C76DCDE1F4C9}.Release|Any CPU.ActiveCfg = Release|Any CPU
		{4287A043-A348-4B66-980A-C76DCDE1F4C9}.Release|Any CPU.Build.0 = Release|Any CPU
		{61F02A33-C180-4794-959D-CAD654543CC9}.Debug|Any CPU.ActiveCfg = Debug|Any CPU
		{61F02A33-C180-4794-959D-CAD654543CC9}.Debug|Any CPU.Build.0 = Debug|Any CPU
		{61F02A33-C180-4794-959D-CAD654543CC9}.Release|Any CPU.ActiveCfg = Release|Any CPU
		{61F02A33-C180-4794-959D-CAD654543CC9}.Release|Any CPU.Build.0 = Release|Any CPU
		{69D35CA9-FBE1-4E23-A8A3-FE3B2E831F17}.Debug|Any CPU.ActiveCfg = Debug|Any CPU
		{69D35CA9-FBE1-4E23-A8A3-FE3B2E831F17}.Debug|Any CPU.Build.0 = Debug|Any CPU
		{69D35CA9-FBE1-4E23-A8A3-FE3B2E831F17}.Release|Any CPU.ActiveCfg = Release|Any CPU
		{69D35CA9-FBE1-4E23-A8A3-FE3B2E831F17}.Release|Any CPU.Build.0 = Release|Any CPU
		{05174020-F53D-4BE5-9DC4-29A6173EA841}.Debug|Any CPU.ActiveCfg = Debug|Any CPU
		{05174020-F53D-4BE5-9DC4-29A6173EA841}.Debug|Any CPU.Build.0 = Debug|Any CPU
		{05174020-F53D-4BE5-9DC4-29A6173EA841}.Release|Any CPU.ActiveCfg = Release|Any CPU
		{05174020-F53D-4BE5-9DC4-29A6173EA841}.Release|Any CPU.Build.0 = Release|Any CPU
		{49AA1871-8FE6-4883-BD95-2933AE950D5A}.Debug|Any CPU.ActiveCfg = Debug|Any CPU
		{49AA1871-8FE6-4883-BD95-2933AE950D5A}.Debug|Any CPU.Build.0 = Debug|Any CPU
		{49AA1871-8FE6-4883-BD95-2933AE950D5A}.Release|Any CPU.ActiveCfg = Release|Any CPU
		{49AA1871-8FE6-4883-BD95-2933AE950D5A}.Release|Any CPU.Build.0 = Release|Any CPU
		{53710383-8384-4245-AFAF-85E1A9003D44}.Debug|Any CPU.ActiveCfg = Debug|Any CPU
		{53710383-8384-4245-AFAF-85E1A9003D44}.Debug|Any CPU.Build.0 = Debug|Any CPU
		{53710383-8384-4245-AFAF-85E1A9003D44}.Release|Any CPU.ActiveCfg = Release|Any CPU
		{53710383-8384-4245-AFAF-85E1A9003D44}.Release|Any CPU.Build.0 = Release|Any CPU
		{156A12B0-9827-4ABA-ACBA-1C57FBE017FC}.Debug|Any CPU.ActiveCfg = Debug|Any CPU
		{156A12B0-9827-4ABA-ACBA-1C57FBE017FC}.Debug|Any CPU.Build.0 = Debug|Any CPU
		{156A12B0-9827-4ABA-ACBA-1C57FBE017FC}.Release|Any CPU.ActiveCfg = Release|Any CPU
		{156A12B0-9827-4ABA-ACBA-1C57FBE017FC}.Release|Any CPU.Build.0 = Release|Any CPU
		{C5C46B77-4471-4FFE-AE93-DADB71EEBF64}.Debug|Any CPU.ActiveCfg = Debug|Any CPU
		{C5C46B77-4471-4FFE-AE93-DADB71EEBF64}.Debug|Any CPU.Build.0 = Debug|Any CPU
		{C5C46B77-4471-4FFE-AE93-DADB71EEBF64}.Release|Any CPU.ActiveCfg = Release|Any CPU
		{C5C46B77-4471-4FFE-AE93-DADB71EEBF64}.Release|Any CPU.Build.0 = Release|Any CPU
		{EBD25D25-F9DA-4C8C-A27E-986C213719AE}.Debug|Any CPU.ActiveCfg = Debug|Any CPU
		{EBD25D25-F9DA-4C8C-A27E-986C213719AE}.Debug|Any CPU.Build.0 = Debug|Any CPU
		{EBD25D25-F9DA-4C8C-A27E-986C213719AE}.Release|Any CPU.ActiveCfg = Release|Any CPU
		{EBD25D25-F9DA-4C8C-A27E-986C213719AE}.Release|Any CPU.Build.0 = Release|Any CPU
		{B493B4B4-5645-49C2-A294-647D043CC45A}.Debug|Any CPU.ActiveCfg = Debug|Any CPU
		{B493B4B4-5645-49C2-A294-647D043CC45A}.Debug|Any CPU.Build.0 = Debug|Any CPU
		{B493B4B4-5645-49C2-A294-647D043CC45A}.Release|Any CPU.ActiveCfg = Release|Any CPU
		{B493B4B4-5645-49C2-A294-647D043CC45A}.Release|Any CPU.Build.0 = Release|Any CPU
	EndGlobalSection
	GlobalSection(SolutionProperties) = preSolution
		HideSolutionNode = FALSE
	EndGlobalSection
	GlobalSection(NestedProjects) = preSolution
		{01F2879C-D3BF-451E-9859-00DFA24C3B3C} = {F45A8222-1D6C-4BB7-8DE9-5CD86C8A1FDE}
		{4CFF8823-3ADB-47AD-B3CC-38285ED3CF30} = {F45A8222-1D6C-4BB7-8DE9-5CD86C8A1FDE}
		{D09BB43D-C421-4585-8D78-6836D0AD6CE9} = {F45A8222-1D6C-4BB7-8DE9-5CD86C8A1FDE}
		{E01E8717-DAD4-4B71-AD34-8B6CFCD5818E} = {B81BE155-1760-4EE9-8165-5B723F793314}
		{DE0E30EF-A88E-4893-AD3A-E343FD192C08} = {B81BE155-1760-4EE9-8165-5B723F793314}
		{1D411B70-6963-46CE-B90E-5152795E39AE} = {B81BE155-1760-4EE9-8165-5B723F793314}
		{57CE6112-7CF0-4869-BCF0-E5826D899190} = {6D03D628-F61D-49FB-993C-63CFF7B15EE3}
		{CCEE885E-77AD-46AD-8301-4F786EA2599D} = {6D03D628-F61D-49FB-993C-63CFF7B15EE3}
		{51F10F94-5C0A-4750-94F5-CF5E09EF5219} = {6D03D628-F61D-49FB-993C-63CFF7B15EE3}
		{4096DF6C-870E-4E3C-A153-368EF88DDC5E} = {0D3DA0AF-F69D-42A0-AB04-21BFBDD188F3}
		{0E445B67-B132-42CF-B910-D28760A3C9E8} = {0D3DA0AF-F69D-42A0-AB04-21BFBDD188F3}
		{4287A043-A348-4B66-980A-C76DCDE1F4C9} = {0D3DA0AF-F69D-42A0-AB04-21BFBDD188F3}
		{61F02A33-C180-4794-959D-CAD654543CC9} = {24473990-7DD1-46AD-9154-334B6FF10B32}
		{69D35CA9-FBE1-4E23-A8A3-FE3B2E831F17} = {24473990-7DD1-46AD-9154-334B6FF10B32}
		{05174020-F53D-4BE5-9DC4-29A6173EA841} = {24473990-7DD1-46AD-9154-334B6FF10B32}
		{49AA1871-8FE6-4883-BD95-2933AE950D5A} = {25216FDC-0B54-46D0-BC3A-449D0FD43803}
		{53710383-8384-4245-AFAF-85E1A9003D44} = {25216FDC-0B54-46D0-BC3A-449D0FD43803}
		{156A12B0-9827-4ABA-ACBA-1C57FBE017FC} = {25216FDC-0B54-46D0-BC3A-449D0FD43803}
		{C5C46B77-4471-4FFE-AE93-DADB71EEBF64} = {7206B934-F490-4777-AE16-5AE512CBC802}
		{EBD25D25-F9DA-4C8C-A27E-986C213719AE} = {7206B934-F490-4777-AE16-5AE512CBC802}
		{B493B4B4-5645-49C2-A294-647D043CC45A} = {7206B934-F490-4777-AE16-5AE512CBC802}
	EndGlobalSection
	GlobalSection(ExtensibilityGlobals) = postSolution
		SolutionGuid = {D04FD201-31ED-411C-880D-E50E0119CDE9}
	EndGlobalSection
EndGlobal
